
Microsoft Visual Studio Solution File, Format Version 12.00
# Visual Studio 2013
VisualStudioVersion = 12.0.31101.0
MinimumVisualStudioVersion = 10.0.40219.1
Project("{FAE04EC0-301F-11D3-BF4B-00C04F79EFBC}") = "SourceControlLogReporter", "SvnLogReporter\SourceControlLogReporter.csproj", "{CA27B3C4-9045-4FC4-BBCC-2B33A02F54C4}"
EndProject
Project("{FAE04EC0-301F-11D3-BF4B-00C04F79EFBC}") = "JiraReporter", "JiraReporter\JiraReporter.csproj", "{D1E02075-5930-4AE3-A552-BF3FAE984AA9}"
EndProject
Project("{FAE04EC0-301F-11D3-BF4B-00C04F79EFBC}") = "DailyReportWeb", "DailyReportWeb\DailyReportWeb.csproj", "{E026C84C-9FDB-4CB7-861B-B86EF592E056}"
EndProject
Project("{FAE04EC0-301F-11D3-BF4B-00C04F79EFBC}") = "Equilobe.DailyReport.Models", "Equilobe.DailyReport.Models\Equilobe.DailyReport.Models.csproj", "{06861CAC-EEF1-4461-92D9-8D097928211E}"
EndProject
Project("{FAE04EC0-301F-11D3-BF4B-00C04F79EFBC}") = "Equilobe.DailyReport.DAL", "Equilobe.DailyReport.DAL\Equilobe.DailyReport.DAL.csproj", "{7BAD124B-C59F-45F6-8111-136B2EA61C3A}"
EndProject
Global
	GlobalSection(SolutionConfigurationPlatforms) = preSolution
		Debug|Any CPU = Debug|Any CPU
		Release|Any CPU = Release|Any CPU
	EndGlobalSection
	GlobalSection(ProjectConfigurationPlatforms) = postSolution
		{CA27B3C4-9045-4FC4-BBCC-2B33A02F54C4}.Debug|Any CPU.ActiveCfg = Debug|Any CPU
		{CA27B3C4-9045-4FC4-BBCC-2B33A02F54C4}.Debug|Any CPU.Build.0 = Debug|Any CPU
		{CA27B3C4-9045-4FC4-BBCC-2B33A02F54C4}.Release|Any CPU.ActiveCfg = Release|Any CPU
		{CA27B3C4-9045-4FC4-BBCC-2B33A02F54C4}.Release|Any CPU.Build.0 = Release|Any CPU
		{D1E02075-5930-4AE3-A552-BF3FAE984AA9}.Debug|Any CPU.ActiveCfg = Debug|Any CPU
		{D1E02075-5930-4AE3-A552-BF3FAE984AA9}.Debug|Any CPU.Build.0 = Debug|Any CPU
		{D1E02075-5930-4AE3-A552-BF3FAE984AA9}.Release|Any CPU.ActiveCfg = Release|Any CPU
		{D1E02075-5930-4AE3-A552-BF3FAE984AA9}.Release|Any CPU.Build.0 = Release|Any CPU
		{E026C84C-9FDB-4CB7-861B-B86EF592E056}.Debug|Any CPU.ActiveCfg = Debug|Any CPU
		{E026C84C-9FDB-4CB7-861B-B86EF592E056}.Debug|Any CPU.Build.0 = Debug|Any CPU
		{E026C84C-9FDB-4CB7-861B-B86EF592E056}.Release|Any CPU.ActiveCfg = Release|Any CPU
		{E026C84C-9FDB-4CB7-861B-B86EF592E056}.Release|Any CPU.Build.0 = Release|Any CPU
		{06861CAC-EEF1-4461-92D9-8D097928211E}.Debug|Any CPU.ActiveCfg = Debug|Any CPU
		{06861CAC-EEF1-4461-92D9-8D097928211E}.Debug|Any CPU.Build.0 = Debug|Any CPU
		{06861CAC-EEF1-4461-92D9-8D097928211E}.Release|Any CPU.ActiveCfg = Release|Any CPU
		{06861CAC-EEF1-4461-92D9-8D097928211E}.Release|Any CPU.Build.0 = Release|Any CPU
		{7BAD124B-C59F-45F6-8111-136B2EA61C3A}.Debug|Any CPU.ActiveCfg = Debug|Any CPU
		{7BAD124B-C59F-45F6-8111-136B2EA61C3A}.Debug|Any CPU.Build.0 = Debug|Any CPU
		{7BAD124B-C59F-45F6-8111-136B2EA61C3A}.Release|Any CPU.ActiveCfg = Release|Any CPU
		{7BAD124B-C59F-45F6-8111-136B2EA61C3A}.Release|Any CPU.Build.0 = Release|Any CPU
	EndGlobalSection
	GlobalSection(SolutionProperties) = preSolution
		HideSolutionNode = FALSE
	EndGlobalSection
	GlobalSection(SubversionScc) = preSolution
		Manager = AnkhSVN - Subversion Support for Visual Studio
		Svn-Managed = True
	EndGlobalSection
EndGlobal
